
Microsoft Visual Studio Solution File, Format Version 12.00
# Visual Studio 15
VisualStudioVersion = 15.0.28307.168
MinimumVisualStudioVersion = 10.0.40219.1
Project("{8BC9CEB8-8B4A-11D0-8D11-00A0C91BC942}") = "MeshPoseVisualizer", "MeshPoseVisualizer\MeshPoseVisualizer.vcxproj", "{0111EA30-94C1-4E9F-99A6-3A86C7C31834}"
EndProject
Global
	GlobalSection(SolutionConfigurationPlatforms) = preSolution
		Debug|x64 = Debug|x64
		Release|x64 = Release|x64
	EndGlobalSection
	GlobalSection(ProjectConfigurationPlatforms) = postSolution
		{0111EA30-94C1-4E9F-99A6-3A86C7C31834}.Debug|x64.ActiveCfg = Debug|x64
		{0111EA30-94C1-4E9F-99A6-3A86C7C31834}.Debug|x64.Build.0 = Debug|x64
		{0111EA30-94C1-4E9F-99A6-3A86C7C31834}.Release|x64.ActiveCfg = Release|x64
		{0111EA30-94C1-4E9F-99A6-3A86C7C31834}.Release|x64.Build.0 = Release|x64
	EndGlobalSection
	GlobalSection(SolutionProperties) = preSolution
		HideSolutionNode = FALSE
	EndGlobalSection
	GlobalSection(ExtensibilityGlobals) = postSolution
		SolutionGuid = {DE84DFCD-FAA4-4D13-97B1-4B992ADFCA21}
	EndGlobalSection
EndGlobal
